# Complete Python environment for the offline Linux release.
# Every artifact is shipped in wheelhouse/ and installed with --no-index.
PySocks==1.7.1
SQLAlchemy==2.0.51
aiosqlite==0.22.1
annotated-doc==0.0.5
annotated-types==0.8.0
anyio==4.14.2
bcrypt==5.0.0
capstone==5.0.7
certifi==2026.7.22
cffi==2.1.1
charset-normalizer==3.5.0
colored-traceback==0.4.2
cryptography==50.0.0
fastapi==0.141.1
filebytes==0.10.2
greenlet==3.5.4
h11==0.16.0
httpcore==1.0.9
httpx==0.28.1
idna==3.18
intervaltree==3.2.1
invoke==3.0.3
mako==1.4.1
markupsafe==3.0.3
packaging==26.3
paramiko==5.0.0
plumbum==2.0.2
psutil==7.2.2
pwntools==4.13.1
pycparser==3.0
pyelftools==0.33
pygments==2.20.0
pydantic==2.13.4
pydantic-settings==2.14.2
pydantic_core==2.46.4
pynacl==1.6.2
pyserial==3.5
python-dateutil==2.9.0.post0
python-dotenv==1.2.2
PyYAML==6.0.3
requests==2.34.2
ropgadget==7.7
rpyc==6.0.2
setuptools==80.9.0
six==1.17.0
sortedcontainers==2.4.0
starlette==1.4.1
typing-extensions==4.16.0
typing-inspection==0.4.2
unicorn==2.1.4
unix-ar==0.2.1
urllib3==2.7.0
zstandard==0.25.0
